
Microsoft Visual Studio Solution File, Format Version 12.00
# Visual Studio Version 17
VisualStudioVersion = 17.8.34316.72
MinimumVisualStudioVersion = 10.0.40219.1
Project("{8BC9CEB8-8B4A-11D0-8D11-00A0C91BC942}") = "Seminar_Cpp_Introduction_November_2023_02", "Seminar_Cpp_Introduction_November_2023_02\Seminar_Cpp_Introduction_November_2023_02.vcxproj", "{9C2C95AE-E3DA-40AE-80B9-1153A6C9AE29}"
EndProject
Project("{2150E333-8FDC-42A3-9474-1A3956D46DE8}") = "Solution Items", "Solution Items", "{A92F2FCC-4A4A-42E3-ABB0-02F46D0481CF}"
	ProjectSection(SolutionItems) = preProject
		Notizzettel.txt = Notizzettel.txt
		Notizzettel_Dienstag.txt = Notizzettel_Dienstag.txt
		Notizzettel_Mittwoch.txt = Notizzettel_Mittwoch.txt
	EndProjectSection
EndProject
Global
	GlobalSection(SolutionConfigurationPlatforms) = preSolution
		Debug|x64 = Debug|x64
		Debug|x86 = Debug|x86
		Release|x64 = Release|x64
		Release|x86 = Release|x86
	EndGlobalSection
	GlobalSection(ProjectConfigurationPlatforms) = postSolution
		{9C2C95AE-E3DA-40AE-80B9-1153A6C9AE29}.Debug|x64.ActiveCfg = Debug|x64
		{9C2C95AE-E3DA-40AE-80B9-1153A6C9AE29}.Debug|x64.Build.0 = Debug|x64
		{9C2C95AE-E3DA-40AE-80B9-1153A6C9AE29}.Debug|x86.ActiveCfg = Debug|Win32
		{9C2C95AE-E3DA-40AE-80B9-1153A6C9AE29}.Debug|x86.Build.0 = Debug|Win32
		{9C2C95AE-E3DA-40AE-80B9-1153A6C9AE29}.Release|x64.ActiveCfg = Release|x64
		{9C2C95AE-E3DA-40AE-80B9-1153A6C9AE29}.Release|x64.Build.0 = Release|x64
		{9C2C95AE-E3DA-40AE-80B9-1153A6C9AE29}.Release|x86.ActiveCfg = Release|Win32
		{9C2C95AE-E3DA-40AE-80B9-1153A6C9AE29}.Release|x86.Build.0 = Release|Win32
	EndGlobalSection
	GlobalSection(SolutionProperties) = preSolution
		HideSolutionNode = FALSE
	EndGlobalSection
	GlobalSection(ExtensibilityGlobals) = postSolution
		SolutionGuid = {57DDF640-AB48-4388-85A8-A57D72725983}
	EndGlobalSection
EndGlobal
