<?xml version="1.0" encoding="utf-8"?>
<Project ToolsVersion="4.0" xmlns="http://schemas.microsoft.com/developer/msbuild/2003">
  <ItemGroup>
    <Filter Include="Source Files">
      <UniqueIdentifier>{4FC737F1-C7A5-4376-A066-2A32D752A2FF}</UniqueIdentifier>
      <Extensions>cpp;c;cc;cxx;c++;cppm;ixx;def;odl;idl;hpj;bat;asm;asmx</Extensions>
    </Filter>
    <Filter Include="Header Files">
      <UniqueIdentifier>{93995380-89BD-4b04-88EB-625FBE52EBFB}</UniqueIdentifier>
      <Extensions>h;hh;hpp;hxx;h++;hm;inl;inc;ipp;xsd</Extensions>
    </Filter>
    <Filter Include="Resource Files">
      <UniqueIdentifier>{67DA6AB6-F800-4c08-8B7A-83BB121AAD01}</UniqueIdentifier>
      <Extensions>rc;ico;cur;bmp;dlg;rc2;rct;bin;rgs;gif;jpg;jpeg;jpe;resx;tiff;tif;png;wav;mfcribbon-ms</Extensions>
    </Filter>
    <Filter Include="Exercise_Rectangles">
      <UniqueIdentifier>{068f7205-4396-4823-8c81-281939eb7e67}</UniqueIdentifier>
    </Filter>
    <Filter Include="Exercise_BankAccount">
      <UniqueIdentifier>{2f61ede6-fe43-48ca-ba06-3ed19f220cae}</UniqueIdentifier>
    </Filter>
    <Filter Include="Exercise_Zeichenketten">
      <UniqueIdentifier>{dbe37159-4bcd-4545-b689-bea19404eb57}</UniqueIdentifier>
    </Filter>
    <Filter Include="Exercise_Vererbung">
      <UniqueIdentifier>{bf88cc33-006c-47ac-aea0-48ee15658a9c}</UniqueIdentifier>
    </Filter>
    <Filter Include="Books">
      <UniqueIdentifier>{2e28cfb8-3d6f-4bb0-91ac-9f26b73683f8}</UniqueIdentifier>
    </Filter>
  </ItemGroup>
  <ItemGroup>
    <ClCompile Include="Program.cpp">
      <Filter>Source Files</Filter>
    </ClCompile>
    <ClCompile Include="Time.cpp">
      <Filter>Source Files</Filter>
    </ClCompile>
    <ClCompile Include="Anwendung_Uhrzeite.cpp">
      <Filter>Source Files</Filter>
    </ClCompile>
    <ClCompile Include="Rectangle\Point.cpp">
      <Filter>Exercise_Rectangles</Filter>
    </ClCompile>
    <ClCompile Include="Rectangle\Rectangle.cpp">
      <Filter>Exercise_Rectangles</Filter>
    </ClCompile>
    <ClCompile Include="Rectangle\Rectangle_Main.cpp">
      <Filter>Exercise_Rectangles</Filter>
    </ClCompile>
    <ClCompile Include="Referenzen_vs_Zeiger.cpp">
      <Filter>Source Files</Filter>
    </ClCompile>
    <ClCompile Include="Statisches.cpp">
      <Filter>Source Files</Filter>
    </ClCompile>
    <ClCompile Include="BankAccount\BankAccount.cpp">
      <Filter>Exercise_BankAccount</Filter>
    </ClCompile>
    <ClCompile Include="BankAccount\BankAccount_Main.cpp">
      <Filter>Exercise_BankAccount</Filter>
    </ClCompile>
    <ClCompile Include="Namensraume.cpp">
      <Filter>Source Files</Filter>
    </ClCompile>
    <ClCompile Include="Zeichen_Zeichenketten.cpp">
      <Filter>Source Files</Filter>
    </ClCompile>
    <ClCompile Include="Exercise_Zeichenketten.cpp">
      <Filter>Exercise_Zeichenketten</Filter>
    </ClCompile>
    <ClCompile Include="Dynamic.cpp">
      <Filter>Source Files</Filter>
    </ClCompile>
    <ClCompile Include="DynamicArray.cpp">
      <Filter>Source Files</Filter>
    </ClCompile>
    <ClCompile Include="Vererbung.cpp">
      <Filter>Source Files</Filter>
    </ClCompile>
    <ClCompile Include="MoreBankAccounts\MoreBankAccounts.cpp">
      <Filter>Exercise_Vererbung</Filter>
    </ClCompile>
    <ClCompile Include="Schablonen.cpp">
      <Filter>Source Files</Filter>
    </ClCompile>
    <ClCompile Include="STL.cpp">
      <Filter>Source Files</Filter>
    </ClCompile>
  </ItemGroup>
  <ItemGroup>
    <ClInclude Include="Time.h">
      <Filter>Header Files</Filter>
    </ClInclude>
    <ClInclude Include="MyFunctions.h">
      <Filter>Header Files</Filter>
    </ClInclude>
    <ClInclude Include="Rectangle\Point.h">
      <Filter>Exercise_Rectangles</Filter>
    </ClInclude>
    <ClInclude Include="Rectangle\Rectangle.h">
      <Filter>Exercise_Rectangles</Filter>
    </ClInclude>
    <ClInclude Include="BankAccount\BankAccount.h">
      <Filter>Exercise_BankAccount</Filter>
    </ClInclude>
    <ClInclude Include="DynamicArrayTemplate.h">
      <Filter>Header Files</Filter>
    </ClInclude>
  </ItemGroup>
  <ItemGroup>
    <None Include="Books\Cpp_PeterLoos.PDF">
      <Filter>Books</Filter>
    </None>
    <None Include="Books\Jesse Liberty_C++_in_21_Tagen.pdf">
      <Filter>Books</Filter>
    </None>
  </ItemGroup>
</Project>